// !$*UTF8*$!
{
	archiveVersion = 1;
	classes = {
	};
	objectVersion = 46;
	objects = {

/* Begin PBXBuildFile section */
		56DAF13152ACB772CF7A38B4 /* libPods-Travelbirdie.a in Frameworks */ = {isa = PBXBuildFile; fileRef = E1B5AB0D0F1273248D7C5B5E /* libPods-Travelbirdie.a */; };
		8305758C1C7AD69C00AB0A11 /* AukDistrib.swift in Sources */ = {isa = PBXBuildFile; fileRef = 8305758B1C7AD69C00AB0A11 /* AukDistrib.swift */; };
		8305758E1C7AD81200AB0A11 /* MoaDistrib.swift in Sources */ = {isa = PBXBuildFile; fileRef = 8305758D1C7AD81200AB0A11 /* MoaDistrib.swift */; };
		830575901C7AD8C700AB0A11 /* ImageSliderCell.swift in Sources */ = {isa = PBXBuildFile; fileRef = 8305758F1C7AD8C700AB0A11 /* ImageSliderCell.swift */; };
		8329C6561C7A15BD007A7E7E /* BookingViewController.swift in Sources */ = {isa = PBXBuildFile; fileRef = 8329C6551C7A15BD007A7E7E /* BookingViewController.swift */; };
		832D15241C0117BF0001AAA7 /* SearchHelper.swift in Sources */ = {isa = PBXBuildFile; fileRef = 832D15231C0117BF0001AAA7 /* SearchHelper.swift */; };
		832D15261C01D0340001AAA7 /* ResultsViewController.swift in Sources */ = {isa = PBXBuildFile; fileRef = 832D15251C01D0340001AAA7 /* ResultsViewController.swift */; };
		832D15281C01E27D0001AAA7 /* ZilyoClient.swift in Sources */ = {isa = PBXBuildFile; fileRef = 832D15271C01E27D0001AAA7 /* ZilyoClient.swift */; };
		832D152A1C021BD50001AAA7 /* ZilyoConstants.swift in Sources */ = {isa = PBXBuildFile; fileRef = 832D15291C021BD50001AAA7 /* ZilyoConstants.swift */; };
		833678C71C85679A00AA32B3 /* Reachability.swift in Sources */ = {isa = PBXBuildFile; fileRef = 833678C61C85679A00AA32B3 /* Reachability.swift */; };
		8354E0271BD3CB5D003593B8 /* AppDelegate.swift in Sources */ = {isa = PBXBuildFile; fileRef = 8354E0261BD3CB5D003593B8 /* AppDelegate.swift */; };
		8354E0291BD3CB5D003593B8 /* TravelbirdieSearchViewController.swift in Sources */ = {isa = PBXBuildFile; fileRef = 8354E0281BD3CB5D003593B8 /* TravelbirdieSearchViewController.swift */; };
		8354E02C1BD3CB5D003593B8 /* Main.storyboard in Resources */ = {isa = PBXBuildFile; fileRef = 8354E02A1BD3CB5D003593B8 /* Main.storyboard */; };
		8354E02E1BD3CB5D003593B8 /* Assets.xcassets in Resources */ = {isa = PBXBuildFile; fileRef = 8354E02D1BD3CB5D003593B8 /* Assets.xcassets */; };
		8354E0311BD3CB5D003593B8 /* LaunchScreen.storyboard in Resources */ = {isa = PBXBuildFile; fileRef = 8354E02F1BD3CB5D003593B8 /* LaunchScreen.storyboard */; };
		8354E03C1BD3CB5E003593B8 /* TravelbirdieTests.swift in Sources */ = {isa = PBXBuildFile; fileRef = 8354E03B1BD3CB5E003593B8 /* TravelbirdieTests.swift */; };
		8354E0471BD3CB5E003593B8 /* TravelbirdieUITests.swift in Sources */ = {isa = PBXBuildFile; fileRef = 8354E0461BD3CB5E003593B8 /* TravelbirdieUITests.swift */; };
		8357DDD11C79F4F60008958A /* DescriptionDetailViewController.swift in Sources */ = {isa = PBXBuildFile; fileRef = 8357DDD01C79F4F60008958A /* DescriptionDetailViewController.swift */; };
		83874B201C39718D007ED9C5 /* SearchResultViewCell.xib in Resources */ = {isa = PBXBuildFile; fileRef = 83874B1F1C39718D007ED9C5 /* SearchResultViewCell.xib */; };
		83B468111C6DA59C00500763 /* PlacesSearchResultsController.swift in Sources */ = {isa = PBXBuildFile; fileRef = 83B468101C6DA59C00500763 /* PlacesSearchResultsController.swift */; };
		83BC3D281C3806E5006CDB8E /* TaskCancelingTableViewCell.swift in Sources */ = {isa = PBXBuildFile; fileRef = 83BC3D271C3806E5006CDB8E /* TaskCancelingTableViewCell.swift */; };
		83CA92AE1C7EC4DC003698B6 /* CoreDataStackManager.swift in Sources */ = {isa = PBXBuildFile; fileRef = 83CA92AD1C7EC4DC003698B6 /* CoreDataStackManager.swift */; };
		83CA92B21C7EC635003698B6 /* FavoritesViewController.swift in Sources */ = {isa = PBXBuildFile; fileRef = 83CA92B11C7EC635003698B6 /* FavoritesViewController.swift */; };
		83CA92B51C7ECBB7003698B6 /* Model.xcdatamodeld in Sources */ = {isa = PBXBuildFile; fileRef = 83CA92B31C7ECBB7003698B6 /* Model.xcdatamodeld */; };
		83CA92B91C7F6A0C003698B6 /* Apartment.swift in Sources */ = {isa = PBXBuildFile; fileRef = 83CA92B71C7F6A0C003698B6 /* Apartment.swift */; };
		83CA92BB1C7F6DCB003698B6 /* Amenity.swift in Sources */ = {isa = PBXBuildFile; fileRef = 83CA92BA1C7F6DCB003698B6 /* Amenity.swift */; };
		83CA92BD1C7F722B003698B6 /* Attribute.swift in Sources */ = {isa = PBXBuildFile; fileRef = 83CA92BC1C7F722B003698B6 /* Attribute.swift */; };
		83CA92BF1C7F75D8003698B6 /* Price.swift in Sources */ = {isa = PBXBuildFile; fileRef = 83CA92BE1C7F75D8003698B6 /* Price.swift */; };
		83CA92C11C7F7720003698B6 /* Photo.swift in Sources */ = {isa = PBXBuildFile; fileRef = 83CA92C01C7F7720003698B6 /* Photo.swift */; };
		83CA92C71C81F56B003698B6 /* FavoriteApartmentDetailViewController.swift in Sources */ = {isa = PBXBuildFile; fileRef = 83CA92C61C81F56B003698B6 /* FavoriteApartmentDetailViewController.swift */; };
		83D5B82C1C390D4400AD1D1F /* SearchResultViewCell.swift in Sources */ = {isa = PBXBuildFile; fileRef = 83D5B82B1C390D4400AD1D1F /* SearchResultViewCell.swift */; };
		83EF17001C0CEFA3002819A7 /* ApartmentInformation.swift in Sources */ = {isa = PBXBuildFile; fileRef = 83EF16FF1C0CEFA3002819A7 /* ApartmentInformation.swift */; };
		83F058211C783BE0002B3F1C /* ApartmentDetailTableViewController.swift in Sources */ = {isa = PBXBuildFile; fileRef = 83F058201C783BE0002B3F1C /* ApartmentDetailTableViewController.swift */; };
		83F058291C791705002B3F1C /* LabelTableViewCell.swift in Sources */ = {isa = PBXBuildFile; fileRef = 83F058281C791705002B3F1C /* LabelTableViewCell.swift */; };
		83F0582B1C791A2A002B3F1C /* MapTableViewCell.swift in Sources */ = {isa = PBXBuildFile; fileRef = 83F0582A1C791A2A002B3F1C /* MapTableViewCell.swift */; };
/* End PBXBuildFile section */

/* Begin PBXContainerItemProxy section */
		8354E0381BD3CB5E003593B8 /* PBXContainerItemProxy */ = {
			isa = PBXContainerItemProxy;
			containerPortal = 8354E01B1BD3CB5D003593B8 /* Project object */;
			proxyType = 1;
			remoteGlobalIDString = 8354E0221BD3CB5D003593B8;
			remoteInfo = Travelbirdie;
		};
		8354E0431BD3CB5E003593B8 /* PBXContainerItemProxy */ = {
			isa = PBXContainerItemProxy;
			containerPortal = 8354E01B1BD3CB5D003593B8 /* Project object */;
			proxyType = 1;
			remoteGlobalIDString = 8354E0221BD3CB5D003593B8;
			remoteInfo = Travelbirdie;
		};
/* End PBXContainerItemProxy section */

/* Begin PBXCopyFilesBuildPhase section */
		83EF16F91C09FD3E002819A7 /* Embed Frameworks */ = {
			isa = PBXCopyFilesBuildPhase;
			buildActionMask = 2147483647;
			dstPath = "";
			dstSubfolderSpec = 10;
			files = (
			);
			name = "Embed Frameworks";
			runOnlyForDeploymentPostprocessing = 0;
		};
/* End PBXCopyFilesBuildPhase section */

/* Begin PBXFileReference section */
		269EB0ECE30FD88202DE3102 /* Pods-Travelbirdie.debug.xcconfig */ = {isa = PBXFileReference; includeInIndex = 1; lastKnownFileType = text.xcconfig; name = "Pods-Travelbirdie.debug.xcconfig"; path = "Target Support Files/Pods-Travelbirdie/Pods-Travelbirdie.debug.xcconfig"; sourceTree = "<group>"; };
		5855EEB13705571764A6D995 /* Pods-Travelbirdie.release.xcconfig */ = {isa = PBXFileReference; includeInIndex = 1; lastKnownFileType = text.xcconfig; name = "Pods-Travelbirdie.release.xcconfig"; path = "Target Support Files/Pods-Travelbirdie/Pods-Travelbirdie.release.xcconfig"; sourceTree = "<group>"; };
		8305758B1C7AD69C00AB0A11 /* AukDistrib.swift */ = {isa = PBXFileReference; fileEncoding = 4; lastKnownFileType = sourcecode.swift; path = AukDistrib.swift; sourceTree = "<group>"; };
		8305758D1C7AD81200AB0A11 /* MoaDistrib.swift */ = {isa = PBXFileReference; fileEncoding = 4; lastKnownFileType = sourcecode.swift; path = MoaDistrib.swift; sourceTree = "<group>"; };
		8305758F1C7AD8C700AB0A11 /* ImageSliderCell.swift */ = {isa = PBXFileReference; fileEncoding = 4; lastKnownFileType = sourcecode.swift; path = ImageSliderCell.swift; sourceTree = "<group>"; };
		8329C6551C7A15BD007A7E7E /* BookingViewController.swift */ = {isa = PBXFileReference; fileEncoding = 4; lastKnownFileType = sourcecode.swift; path = BookingViewController.swift; sourceTree = "<group>"; };
		832D15231C0117BF0001AAA7 /* SearchHelper.swift */ = {isa = PBXFileReference; fileEncoding = 4; lastKnownFileType = sourcecode.swift; path = SearchHelper.swift; sourceTree = "<group>"; };
		832D15251C01D0340001AAA7 /* ResultsViewController.swift */ = {isa = PBXFileReference; fileEncoding = 4; lastKnownFileType = sourcecode.swift; path = ResultsViewController.swift; sourceTree = "<group>"; };
		832D15271C01E27D0001AAA7 /* ZilyoClient.swift */ = {isa = PBXFileReference; fileEncoding = 4; lastKnownFileType = sourcecode.swift; path = ZilyoClient.swift; sourceTree = "<group>"; };
		832D15291C021BD50001AAA7 /* ZilyoConstants.swift */ = {isa = PBXFileReference; fileEncoding = 4; lastKnownFileType = sourcecode.swift; path = ZilyoConstants.swift; sourceTree = "<group>"; };
		833678C61C85679A00AA32B3 /* Reachability.swift */ = {isa = PBXFileReference; fileEncoding = 4; lastKnownFileType = sourcecode.swift; path = Reachability.swift; sourceTree = "<group>"; };
		8354E0231BD3CB5D003593B8 /* Travelbirdie.app */ = {isa = PBXFileReference; explicitFileType = wrapper.application; includeInIndex = 0; path = Travelbirdie.app; sourceTree = BUILT_PRODUCTS_DIR; };
		8354E0261BD3CB5D003593B8 /* AppDelegate.swift */ = {isa = PBXFileReference; lastKnownFileType = sourcecode.swift; path = AppDelegate.swift; sourceTree = "<group>"; };
		8354E0281BD3CB5D003593B8 /* TravelbirdieSearchViewController.swift */ = {isa = PBXFileReference; lastKnownFileType = sourcecode.swift; path = TravelbirdieSearchViewController.swift; sourceTree = "<group>"; };
		8354E02B1BD3CB5D003593B8 /* Base */ = {isa = PBXFileReference; lastKnownFileType = file.storyboard; name = Base; path = Base.lproj/Main.storyboard; sourceTree = "<group>"; };
		8354E02D1BD3CB5D003593B8 /* Assets.xcassets */ = {isa = PBXFileReference; lastKnownFileType = folder.assetcatalog; path = Assets.xcassets; sourceTree = "<group>"; };
		8354E0301BD3CB5D003593B8 /* Base */ = {isa = PBXFileReference; lastKnownFileType = file.storyboard; name = Base; path = Base.lproj/LaunchScreen.storyboard; sourceTree = "<group>"; };
		8354E0321BD3CB5D003593B8 /* Info.plist */ = {isa = PBXFileReference; lastKnownFileType = text.plist.xml; path = Info.plist; sourceTree = "<group>"; };
		8354E0371BD3CB5E003593B8 /* TravelbirdieTests.xctest */ = {isa = PBXFileReference; explicitFileType = wrapper.cfbundle; includeInIndex = 0; path = TravelbirdieTests.xctest; sourceTree = BUILT_PRODUCTS_DIR; };
		8354E03B1BD3CB5E003593B8 /* TravelbirdieTests.swift */ = {isa = PBXFileReference; lastKnownFileType = sourcecode.swift; path = TravelbirdieTests.swift; sourceTree = "<group>"; };
		8354E03D1BD3CB5E003593B8 /* Info.plist */ = {isa = PBXFileReference; lastKnownFileType = text.plist.xml; path = Info.plist; sourceTree = "<group>"; };
		8354E0421BD3CB5E003593B8 /* TravelbirdieUITests.xctest */ = {isa = PBXFileReference; explicitFileType = wrapper.cfbundle; includeInIndex = 0; path = TravelbirdieUITests.xctest; sourceTree = BUILT_PRODUCTS_DIR; };
		8354E0461BD3CB5E003593B8 /* TravelbirdieUITests.swift */ = {isa = PBXFileReference; lastKnownFileType = sourcecode.swift; path = TravelbirdieUITests.swift; sourceTree = "<group>"; };
		8354E0481BD3CB5E003593B8 /* Info.plist */ = {isa = PBXFileReference; lastKnownFileType = text.plist.xml; path = Info.plist; sourceTree = "<group>"; };
		8357DDD01C79F4F60008958A /* DescriptionDetailViewController.swift */ = {isa = PBXFileReference; fileEncoding = 4; lastKnownFileType = sourcecode.swift; path = DescriptionDetailViewController.swift; sourceTree = "<group>"; };
		83874B1F1C39718D007ED9C5 /* SearchResultViewCell.xib */ = {isa = PBXFileReference; fileEncoding = 4; lastKnownFileType = file.xib; path = SearchResultViewCell.xib; sourceTree = "<group>"; };
		83B468101C6DA59C00500763 /* PlacesSearchResultsController.swift */ = {isa = PBXFileReference; fileEncoding = 4; lastKnownFileType = sourcecode.swift; path = PlacesSearchResultsController.swift; sourceTree = "<group>"; };
		83BC3D271C3806E5006CDB8E /* TaskCancelingTableViewCell.swift */ = {isa = PBXFileReference; fileEncoding = 4; lastKnownFileType = sourcecode.swift; path = TaskCancelingTableViewCell.swift; sourceTree = "<group>"; };
		83CA92AD1C7EC4DC003698B6 /* CoreDataStackManager.swift */ = {isa = PBXFileReference; fileEncoding = 4; lastKnownFileType = sourcecode.swift; path = CoreDataStackManager.swift; sourceTree = "<group>"; };
		83CA92B11C7EC635003698B6 /* FavoritesViewController.swift */ = {isa = PBXFileReference; fileEncoding = 4; lastKnownFileType = sourcecode.swift; path = FavoritesViewController.swift; sourceTree = "<group>"; };
		83CA92B41C7ECBB7003698B6 /* Model.xcdatamodel */ = {isa = PBXFileReference; lastKnownFileType = wrapper.xcdatamodel; path = Model.xcdatamodel; sourceTree = "<group>"; };
		83CA92B71C7F6A0C003698B6 /* Apartment.swift */ = {isa = PBXFileReference; fileEncoding = 4; lastKnownFileType = sourcecode.swift; path = Apartment.swift; sourceTree = "<group>"; };
		83CA92BA1C7F6DCB003698B6 /* Amenity.swift */ = {isa = PBXFileReference; fileEncoding = 4; lastKnownFileType = sourcecode.swift; path = Amenity.swift; sourceTree = "<group>"; };
		83CA92BC1C7F722B003698B6 /* Attribute.swift */ = {isa = PBXFileReference; fileEncoding = 4; lastKnownFileType = sourcecode.swift; path = Attribute.swift; sourceTree = "<group>"; };
		83CA92BE1C7F75D8003698B6 /* Price.swift */ = {isa = PBXFileReference; fileEncoding = 4; lastKnownFileType = sourcecode.swift; path = Price.swift; sourceTree = "<group>"; };
		83CA92C01C7F7720003698B6 /* Photo.swift */ = {isa = PBXFileReference; fileEncoding = 4; lastKnownFileType = sourcecode.swift; path = Photo.swift; sourceTree = "<group>"; };
		83CA92C61C81F56B003698B6 /* FavoriteApartmentDetailViewController.swift */ = {isa = PBXFileReference; fileEncoding = 4; lastKnownFileType = sourcecode.swift; path = FavoriteApartmentDetailViewController.swift; sourceTree = "<group>"; };
		83D5B82B1C390D4400AD1D1F /* SearchResultViewCell.swift */ = {isa = PBXFileReference; fileEncoding = 4; lastKnownFileType = sourcecode.swift; path = SearchResultViewCell.swift; sourceTree = "<group>"; };
		83EF16FF1C0CEFA3002819A7 /* ApartmentInformation.swift */ = {isa = PBXFileReference; fileEncoding = 4; lastKnownFileType = sourcecode.swift; path = ApartmentInformation.swift; sourceTree = "<group>"; };
		83F058201C783BE0002B3F1C /* ApartmentDetailTableViewController.swift */ = {isa = PBXFileReference; fileEncoding = 4; lastKnownFileType = sourcecode.swift; path = ApartmentDetailTableViewController.swift; sourceTree = "<group>"; };
		83F058281C791705002B3F1C /* LabelTableViewCell.swift */ = {isa = PBXFileReference; fileEncoding = 4; lastKnownFileType = sourcecode.swift; path = LabelTableViewCell.swift; sourceTree = "<group>"; };
		83F0582A1C791A2A002B3F1C /* MapTableViewCell.swift */ = {isa = PBXFileReference; fileEncoding = 4; lastKnownFileType = sourcecode.swift; path = MapTableViewCell.swift; sourceTree = "<group>"; };
		E1B5AB0D0F1273248D7C5B5E /* libPods-Travelbirdie.a */ = {isa = PBXFileReference; explicitFileType = archive.ar; includeInIndex = 0; path = "libPods-Travelbirdie.a"; sourceTree = BUILT_PRODUCTS_DIR; };
/* End PBXFileReference section */

/* Begin PBXFrameworksBuildPhase section */
		8354E0201BD3CB5D003593B8 /* Frameworks */ = {
			isa = PBXFrameworksBuildPhase;
			buildActionMask = 2147483647;
			files = (
				56DAF13152ACB772CF7A38B4 /* libPods-Travelbirdie.a in Frameworks */,
			);
			runOnlyForDeploymentPostprocessing = 0;
		};
		8354E0341BD3CB5E003593B8 /* Frameworks */ = {
			isa = PBXFrameworksBuildPhase;
			buildActionMask = 2147483647;
			files = (
			);
			runOnlyForDeploymentPostprocessing = 0;
		};
		8354E03F1BD3CB5E003593B8 /* Frameworks */ = {
			isa = PBXFrameworksBuildPhase;
			buildActionMask = 2147483647;
			files = (
			);
			runOnlyForDeploymentPostprocessing = 0;
		};
/* End PBXFrameworksBuildPhase section */

/* Begin PBXGroup section */
		3AA56B5E349B0539B8E98EA1 /* Pods */ = {
			isa = PBXGroup;
			children = (
				269EB0ECE30FD88202DE3102 /* Pods-Travelbirdie.debug.xcconfig */,
				5855EEB13705571764A6D995 /* Pods-Travelbirdie.release.xcconfig */,
			);
			path = Pods;
			sourceTree = "<group>";
		};
		6E50A9847F5660D235393685 /* Frameworks */ = {
			isa = PBXGroup;
			children = (
				E1B5AB0D0F1273248D7C5B5E /* libPods-Travelbirdie.a */,
			);
			name = Frameworks;
			sourceTree = "<group>";
		};
		832D15221C00E18B0001AAA7 /* Search */ = {
			isa = PBXGroup;
			children = (
				832D15231C0117BF0001AAA7 /* SearchHelper.swift */,
			);
			name = Search;
			sourceTree = "<group>";
		};
		8354E01A1BD3CB5D003593B8 = {
			isa = PBXGroup;
			children = (
				8354E0251BD3CB5D003593B8 /* Travelbirdie */,
				8354E03A1BD3CB5E003593B8 /* TravelbirdieTests */,
				8354E0451BD3CB5E003593B8 /* TravelbirdieUITests */,
				8354E0241BD3CB5D003593B8 /* Products */,
				3AA56B5E349B0539B8E98EA1 /* Pods */,
				6E50A9847F5660D235393685 /* Frameworks */,
			);
			sourceTree = "<group>";
		};
		8354E0241BD3CB5D003593B8 /* Products */ = {
			isa = PBXGroup;
			children = (
				8354E0231BD3CB5D003593B8 /* Travelbirdie.app */,
				8354E0371BD3CB5E003593B8 /* TravelbirdieTests.xctest */,
				8354E0421BD3CB5E003593B8 /* TravelbirdieUITests.xctest */,
			);
			name = Products;
			sourceTree = "<group>";
		};
		8354E0251BD3CB5D003593B8 /* Travelbirdie */ = {
			isa = PBXGroup;
			children = (
				8354E0261BD3CB5D003593B8 /* AppDelegate.swift */,
				8354E0541BD3CBB3003593B8 /* Model */,
				8354E0551BD3CBBE003593B8 /* View */,
				8354E0561BD3CBCF003593B8 /* Controller */,
				8354E0571BD3CBEE003593B8 /* Supporting Files */,
			);
			path = Travelbirdie;
			sourceTree = "<group>";
		};
		8354E03A1BD3CB5E003593B8 /* TravelbirdieTests */ = {
			isa = PBXGroup;
			children = (
				8354E03B1BD3CB5E003593B8 /* TravelbirdieTests.swift */,
				8354E03D1BD3CB5E003593B8 /* Info.plist */,
			);
			path = TravelbirdieTests;
			sourceTree = "<group>";
		};
		8354E0451BD3CB5E003593B8 /* TravelbirdieUITests */ = {
			isa = PBXGroup;
			children = (
				8354E0461BD3CB5E003593B8 /* TravelbirdieUITests.swift */,
				8354E0481BD3CB5E003593B8 /* Info.plist */,
			);
			path = TravelbirdieUITests;
			sourceTree = "<group>";
		};
		8354E0541BD3CBB3003593B8 /* Model */ = {
			isa = PBXGroup;
			children = (
				832D15221C00E18B0001AAA7 /* Search */,
				8354E0581BD3CC82003593B8 /* Zilyo */,
				833678C61C85679A00AA32B3 /* Reachability.swift */,
				83CA92AD1C7EC4DC003698B6 /* CoreDataStackManager.swift */,
				83BC3D271C3806E5006CDB8E /* TaskCancelingTableViewCell.swift */,
				8305758B1C7AD69C00AB0A11 /* AukDistrib.swift */,
				8305758D1C7AD81200AB0A11 /* MoaDistrib.swift */,
				83CA92B31C7ECBB7003698B6 /* Model.xcdatamodeld */,
			);
			name = Model;
			sourceTree = "<group>";
		};
		8354E0551BD3CBBE003593B8 /* View */ = {
			isa = PBXGroup;
			children = (
				83D5B82B1C390D4400AD1D1F /* SearchResultViewCell.swift */,
				83874B1F1C39718D007ED9C5 /* SearchResultViewCell.xib */,
				83F058281C791705002B3F1C /* LabelTableViewCell.swift */,
				83F0582A1C791A2A002B3F1C /* MapTableViewCell.swift */,
				8305758F1C7AD8C700AB0A11 /* ImageSliderCell.swift */,
			);
			name = View;
			sourceTree = "<group>";
		};
		8354E0561BD3CBCF003593B8 /* Controller */ = {
			isa = PBXGroup;
			children = (
				83CA92C51C80F514003698B6 /* Favorites */,
				83CA92C41C80F4E7003698B6 /* Search */,
			);
			name = Controller;
			sourceTree = "<group>";
		};
		8354E0571BD3CBEE003593B8 /* Supporting Files */ = {
			isa = PBXGroup;
			children = (
				8354E02F1BD3CB5D003593B8 /* LaunchScreen.storyboard */,
				8354E0321BD3CB5D003593B8 /* Info.plist */,
				8354E02D1BD3CB5D003593B8 /* Assets.xcassets */,
				8354E02A1BD3CB5D003593B8 /* Main.storyboard */,
			);
			name = "Supporting Files";
			sourceTree = "<group>";
		};
		8354E0581BD3CC82003593B8 /* Zilyo */ = {
			isa = PBXGroup;
			children = (
				832D15271C01E27D0001AAA7 /* ZilyoClient.swift */,
				832D15291C021BD50001AAA7 /* ZilyoConstants.swift */,
				83EF16FF1C0CEFA3002819A7 /* ApartmentInformation.swift */,
				83CA92B71C7F6A0C003698B6 /* Apartment.swift */,
				83CA92BA1C7F6DCB003698B6 /* Amenity.swift */,
				83CA92BC1C7F722B003698B6 /* Attribute.swift */,
				83CA92BE1C7F75D8003698B6 /* Price.swift */,
				83CA92C01C7F7720003698B6 /* Photo.swift */,
			);
			name = Zilyo;
			sourceTree = "<group>";
		};
		83CA92C41C80F4E7003698B6 /* Search */ = {
			isa = PBXGroup;
			children = (
				8354E0281BD3CB5D003593B8 /* TravelbirdieSearchViewController.swift */,
				832D15251C01D0340001AAA7 /* ResultsViewController.swift */,
				83B468101C6DA59C00500763 /* PlacesSearchResultsController.swift */,
				83F058201C783BE0002B3F1C /* ApartmentDetailTableViewController.swift */,
				8357DDD01C79F4F60008958A /* DescriptionDetailViewController.swift */,
				8329C6551C7A15BD007A7E7E /* BookingViewController.swift */,
			);
			name = Search;
			sourceTree = "<group>";
		};
		83CA92C51C80F514003698B6 /* Favorites */ = {
			isa = PBXGroup;
			children = (
				83CA92B11C7EC635003698B6 /* FavoritesViewController.swift */,
				83CA92C61C81F56B003698B6 /* FavoriteApartmentDetailViewController.swift */,
			);
			name = Favorites;
			sourceTree = "<group>";
		};
/* End PBXGroup section */

/* Begin PBXNativeTarget section */
		8354E0221BD3CB5D003593B8 /* Travelbirdie */ = {
			isa = PBXNativeTarget;
			buildConfigurationList = 8354E04B1BD3CB5E003593B8 /* Build configuration list for PBXNativeTarget "Travelbirdie" */;
			buildPhases = (
				8CD628352DAEBE20B6B31A64 /* [CP] Check Pods Manifest.lock */,
				8354E01F1BD3CB5D003593B8 /* Sources */,
				8354E0201BD3CB5D003593B8 /* Frameworks */,
				8354E0211BD3CB5D003593B8 /* Resources */,
				83EF16F91C09FD3E002819A7 /* Embed Frameworks */,
				C2469CE2379BCE47716CE0CB /* [CP] Copy Pods Resources */,
			);
			buildRules = (
			);
			dependencies = (
			);
			name = Travelbirdie;
			productName = Travelbirdie;
			productReference = 8354E0231BD3CB5D003593B8 /* Travelbirdie.app */;
			productType = "com.apple.product-type.application";
		};
		8354E0361BD3CB5E003593B8 /* TravelbirdieTests */ = {
			isa = PBXNativeTarget;
			buildConfigurationList = 8354E04E1BD3CB5E003593B8 /* Build configuration list for PBXNativeTarget "TravelbirdieTests" */;
			buildPhases = (
				8354E0331BD3CB5E003593B8 /* Sources */,
				8354E0341BD3CB5E003593B8 /* Frameworks */,
				8354E0351BD3CB5E003593B8 /* Resources */,
			);
			buildRules = (
			);
			dependencies = (
				8354E0391BD3CB5E003593B8 /* PBXTargetDependency */,
			);
			name = TravelbirdieTests;
			productName = TravelbirdieTests;
			productReference = 8354E0371BD3CB5E003593B8 /* TravelbirdieTests.xctest */;
			productType = "com.apple.product-type.bundle.unit-test";
		};
		8354E0411BD3CB5E003593B8 /* TravelbirdieUITests */ = {
			isa = PBXNativeTarget;
			buildConfigurationList = 8354E0511BD3CB5E003593B8 /* Build configuration list for PBXNativeTarget "TravelbirdieUITests" */;
			buildPhases = (
				8354E03E1BD3CB5E003593B8 /* Sources */,
				8354E03F1BD3CB5E003593B8 /* Frameworks */,
				8354E0401BD3CB5E003593B8 /* Resources */,
			);
			buildRules = (
			);
			dependencies = (
				8354E0441BD3CB5E003593B8 /* PBXTargetDependency */,
			);
			name = TravelbirdieUITests;
			productName = TravelbirdieUITests;
			productReference = 8354E0421BD3CB5E003593B8 /* TravelbirdieUITests.xctest */;
			productType = "com.apple.product-type.bundle.ui-testing";
		};
/* End PBXNativeTarget section */

/* Begin PBXProject section */
		8354E01B1BD3CB5D003593B8 /* Project object */ = {
			isa = PBXProject;
			attributes = {
				LastUpgradeCheck = 1220;
				ORGANIZATIONNAME = "Ivan Kodrnja";
				TargetAttributes = {
					8354E0221BD3CB5D003593B8 = {
						CreatedOnToolsVersion = 7.0.1;
						DevelopmentTeam = WX8RBF8LDC;
						LastSwiftMigration = 1220;
					};
					8354E0361BD3CB5E003593B8 = {
						CreatedOnToolsVersion = 7.0.1;
						LastSwiftMigration = 1220;
						TestTargetID = 8354E0221BD3CB5D003593B8;
					};
					8354E0411BD3CB5E003593B8 = {
						CreatedOnToolsVersion = 7.0.1;
						LastSwiftMigration = 1220;
						TestTargetID = 8354E0221BD3CB5D003593B8;
					};
				};
			};
			buildConfigurationList = 8354E01E1BD3CB5D003593B8 /* Build configuration list for PBXProject "Travelbirdie" */;
			compatibilityVersion = "Xcode 3.2";
			developmentRegion = en;
			hasScannedForEncodings = 0;
			knownRegions = (
				en,
				Base,
			);
			mainGroup = 8354E01A1BD3CB5D003593B8;
			productRefGroup = 8354E0241BD3CB5D003593B8 /* Products */;
			projectDirPath = "";
			projectRoot = "";
			targets = (
				8354E0221BD3CB5D003593B8 /* Travelbirdie */,
				8354E0361BD3CB5E003593B8 /* TravelbirdieTests */,
				8354E0411BD3CB5E003593B8 /* TravelbirdieUITests */,
			);
		};
/* End PBXProject section */

/* Begin PBXResourcesBuildPhase section */
		8354E0211BD3CB5D003593B8 /* Resources */ = {
			isa = PBXResourcesBuildPhase;
			buildActionMask = 2147483647;
			files = (
				8354E0311BD3CB5D003593B8 /* LaunchScreen.storyboard in Resources */,
				83874B201C39718D007ED9C5 /* SearchResultViewCell.xib in Resources */,
				8354E02E1BD3CB5D003593B8 /* Assets.xcassets in Resources */,
				8354E02C1BD3CB5D003593B8 /* Main.storyboard in Resources */,
			);
			runOnlyForDeploymentPostprocessing = 0;
		};
		8354E0351BD3CB5E003593B8 /* Resources */ = {
			isa = PBXResourcesBuildPhase;
			buildActionMask = 2147483647;
			files = (
			);
			runOnlyForDeploymentPostprocessing = 0;
		};
		8354E0401BD3CB5E003593B8 /* Resources */ = {
			isa = PBXResourcesBuildPhase;
			buildActionMask = 2147483647;
			files = (
			);
			runOnlyForDeploymentPostprocessing = 0;
		};
/* End PBXResourcesBuildPhase section */

/* Begin PBXShellScriptBuildPhase section */
		8CD628352DAEBE20B6B31A64 /* [CP] Check Pods Manifest.lock */ = {
			isa = PBXShellScriptBuildPhase;
			buildActionMask = 2147483647;
			files = (
			);
			inputFileListPaths = (
			);
			inputPaths = (
				"${PODS_PODFILE_DIR_PATH}/Podfile.lock",
				"${PODS_ROOT}/Manifest.lock",
			);
			name = "[CP] Check Pods Manifest.lock";
			outputFileListPaths = (
			);
			outputPaths = (
				"$(DERIVED_FILE_DIR)/Pods-Travelbirdie-checkManifestLockResult.txt",
			);
			runOnlyForDeploymentPostprocessing = 0;
			shellPath = /bin/sh;
			shellScript = "diff \"${PODS_PODFILE_DIR_PATH}/Podfile.lock\" \"${PODS_ROOT}/Manifest.lock\" > /dev/null\nif [ $? != 0 ] ; then\n    # print error to STDERR\n    echo \"error: The sandbox is not in sync with the Podfile.lock. Run 'pod install' or update your CocoaPods installation.\" >&2\n    exit 1\nfi\n# This output is used by Xcode 'outputs' to avoid re-running this script phase.\necho \"SUCCESS\" > \"${SCRIPT_OUTPUT_FILE_0}\"\n";
			showEnvVarsInLog = 0;
		};
		C2469CE2379BCE47716CE0CB /* [CP] Copy Pods Resources */ = {
			isa = PBXShellScriptBuildPhase;
			buildActionMask = 2147483647;
			files = (
			);
			inputPaths = (
				"${PODS_ROOT}/Target Support Files/Pods-Travelbirdie/Pods-Travelbirdie-resources.sh",
				"${PODS_ROOT}/GoogleMaps/Maps/Frameworks/GoogleMaps.framework/Resources/GoogleMaps.bundle",
				"${PODS_ROOT}/GooglePlaces/Frameworks/GooglePlaces.framework/Resources/GooglePlaces.bundle",
			);
			name = "[CP] Copy Pods Resources";
			outputPaths = (
				"${TARGET_BUILD_DIR}/${UNLOCALIZED_RESOURCES_FOLDER_PATH}/GoogleMaps.bundle",
				"${TARGET_BUILD_DIR}/${UNLOCALIZED_RESOURCES_FOLDER_PATH}/GooglePlaces.bundle",
			);
			runOnlyForDeploymentPostprocessing = 0;
			shellPath = /bin/sh;
			shellScript = "\"${PODS_ROOT}/Target Support Files/Pods-Travelbirdie/Pods-Travelbirdie-resources.sh\"\n";
			showEnvVarsInLog = 0;
		};
/* End PBXShellScriptBuildPhase section */

/* Begin PBXSourcesBuildPhase section */
		8354E01F1BD3CB5D003593B8 /* Sources */ = {
			isa = PBXSourcesBuildPhase;
			buildActionMask = 2147483647;
			files = (
				83B468111C6DA59C00500763 /* PlacesSearchResultsController.swift in Sources */,
				8305758E1C7AD81200AB0A11 /* MoaDistrib.swift in Sources */,
				8354E0291BD3CB5D003593B8 /* TravelbirdieSearchViewController.swift in Sources */,
				83CA92BF1C7F75D8003698B6 /* Price.swift in Sources */,
				832D152A1C021BD50001AAA7 /* ZilyoConstants.swift in Sources */,
				83D5B82C1C390D4400AD1D1F /* SearchResultViewCell.swift in Sources */,
				83CA92C11C7F7720003698B6 /* Photo.swift in Sources */,
				83F058211C783BE0002B3F1C /* ApartmentDetailTableViewController.swift in Sources */,
				83CA92BD1C7F722B003698B6 /* Attribute.swift in Sources */,
				830575901C7AD8C700AB0A11 /* ImageSliderCell.swift in Sources */,
				83BC3D281C3806E5006CDB8E /* TaskCancelingTableViewCell.swift in Sources */,
				8354E0271BD3CB5D003593B8 /* AppDelegate.swift in Sources */,
				83CA92C71C81F56B003698B6 /* FavoriteApartmentDetailViewController.swift in Sources */,
				832D15261C01D0340001AAA7 /* ResultsViewController.swift in Sources */,
				833678C71C85679A00AA32B3 /* Reachability.swift in Sources */,
				832D15281C01E27D0001AAA7 /* ZilyoClient.swift in Sources */,
				83F0582B1C791A2A002B3F1C /* MapTableViewCell.swift in Sources */,
				8357DDD11C79F4F60008958A /* DescriptionDetailViewController.swift in Sources */,
				83CA92AE1C7EC4DC003698B6 /* CoreDataStackManager.swift in Sources */,
				83F058291C791705002B3F1C /* LabelTableViewCell.swift in Sources */,
				83CA92BB1C7F6DCB003698B6 /* Amenity.swift in Sources */,
				832D15241C0117BF0001AAA7 /* SearchHelper.swift in Sources */,
				8305758C1C7AD69C00AB0A11 /* AukDistrib.swift in Sources */,
				83CA92B91C7F6A0C003698B6 /* Apartment.swift in Sources */,
				83CA92B51C7ECBB7003698B6 /* Model.xcdatamodeld in Sources */,
				8329C6561C7A15BD007A7E7E /* BookingViewController.swift in Sources */,
				83CA92B21C7EC635003698B6 /* FavoritesViewController.swift in Sources */,
				83EF17001C0CEFA3002819A7 /* ApartmentInformation.swift in Sources */,
			);
			runOnlyForDeploymentPostprocessing = 0;
		};
		8354E0331BD3CB5E003593B8 /* Sources */ = {
			isa = PBXSourcesBuildPhase;
			buildActionMask = 2147483647;
			files = (
				8354E03C1BD3CB5E003593B8 /* TravelbirdieTests.swift in Sources */,
			);
			runOnlyForDeploymentPostprocessing = 0;
		};
		8354E03E1BD3CB5E003593B8 /* Sources */ = {
			isa = PBXSourcesBuildPhase;
			buildActionMask = 2147483647;
			files = (
				8354E0471BD3CB5E003593B8 /* TravelbirdieUITests.swift in Sources */,
			);
			runOnlyForDeploymentPostprocessing = 0;
		};
/* End PBXSourcesBuildPhase section */

/* Begin PBXTargetDependency section */
		8354E0391BD3CB5E003593B8 /* PBXTargetDependency */ = {
			isa = PBXTargetDependency;
			target = 8354E0221BD3CB5D003593B8 /* Travelbirdie */;
			targetProxy = 8354E0381BD3CB5E003593B8 /* PBXContainerItemProxy */;
		};
		8354E0441BD3CB5E003593B8 /* PBXTargetDependency */ = {
			isa = PBXTargetDependency;
			target = 8354E0221BD3CB5D003593B8 /* Travelbirdie */;
			targetProxy = 8354E0431BD3CB5E003593B8 /* PBXContainerItemProxy */;
		};
/* End PBXTargetDependency section */

/* Begin PBXVariantGroup section */
		8354E02A1BD3CB5D003593B8 /* Main.storyboard */ = {
			isa = PBXVariantGroup;
			children = (
				8354E02B1BD3CB5D003593B8 /* Base */,
			);
			name = Main.storyboard;
			sourceTree = "<group>";
		};
		8354E02F1BD3CB5D003593B8 /* LaunchScreen.storyboard */ = {
			isa = PBXVariantGroup;
			children = (
				8354E0301BD3CB5D003593B8 /* Base */,
			);
			name = LaunchScreen.storyboard;
			sourceTree = "<group>";
		};
/* End PBXVariantGroup section */

/* Begin XCBuildConfiguration section */
		8354E0491BD3CB5E003593B8 /* Debug */ = {
			isa = XCBuildConfiguration;
			buildSettings = {
				ALWAYS_SEARCH_USER_PATHS = NO;
				CLANG_ANALYZER_LOCALIZABILITY_NONLOCALIZED = YES;
				CLANG_CXX_LANGUAGE_STANDARD = "gnu++0x";
				CLANG_CXX_LIBRARY = "libc++";
				CLANG_ENABLE_MODULES = YES;
				CLANG_ENABLE_OBJC_ARC = YES;
				CLANG_WARN_BLOCK_CAPTURE_AUTORELEASING = YES;
				CLANG_WARN_BOOL_CONVERSION = YES;
				CLANG_WARN_COMMA = YES;
				CLANG_WARN_CONSTANT_CONVERSION = YES;
				CLANG_WARN_DEPRECATED_OBJC_IMPLEMENTATIONS = YES;
				CLANG_WARN_DIRECT_OBJC_ISA_USAGE = YES_ERROR;
				CLANG_WARN_EMPTY_BODY = YES;
				CLANG_WARN_ENUM_CONVERSION = YES;
				CLANG_WARN_INFINITE_RECURSION = YES;
				CLANG_WARN_INT_CONVERSION = YES;
				CLANG_WARN_NON_LITERAL_NULL_CONVERSION = YES;
				CLANG_WARN_OBJC_IMPLICIT_RETAIN_SELF = YES;
				CLANG_WARN_OBJC_LITERAL_CONVERSION = YES;
				CLANG_WARN_OBJC_ROOT_CLASS = YES_ERROR;
				CLANG_WARN_QUOTED_INCLUDE_IN_FRAMEWORK_HEADER = YES;
				CLANG_WARN_RANGE_LOOP_ANALYSIS = YES;
				CLANG_WARN_STRICT_PROTOTYPES = YES;
				CLANG_WARN_SUSPICIOUS_MOVE = YES;
				CLANG_WARN_UNREACHABLE_CODE = YES;
				CLANG_WARN__DUPLICATE_METHOD_MATCH = YES;
				"CODE_SIGN_IDENTITY[sdk=iphoneos*]" = "iPhone Developer";
				COPY_PHASE_STRIP = NO;
				DEBUG_INFORMATION_FORMAT = dwarf;
				ENABLE_BITCODE = NO;
				ENABLE_STRICT_OBJC_MSGSEND = YES;
				ENABLE_TESTABILITY = YES;
				GCC_C_LANGUAGE_STANDARD = gnu99;
				GCC_DYNAMIC_NO_PIC = NO;
				GCC_NO_COMMON_BLOCKS = YES;
				GCC_OPTIMIZATION_LEVEL = 0;
				GCC_PREPROCESSOR_DEFINITIONS = (
					"DEBUG=1",
					"$(inherited)",
				);
				GCC_WARN_64_TO_32_BIT_CONVERSION = YES;
				GCC_WARN_ABOUT_RETURN_TYPE = YES_ERROR;
				GCC_WARN_UNDECLARED_SELECTOR = YES;
				GCC_WARN_UNINITIALIZED_AUTOS = YES_AGGRESSIVE;
				GCC_WARN_UNUSED_FUNCTION = YES;
				GCC_WARN_UNUSED_VARIABLE = YES;
				IPHONEOS_DEPLOYMENT_TARGET = 12.1;
				MTL_ENABLE_DEBUG_INFO = YES;
				ONLY_ACTIVE_ARCH = YES;
				SDKROOT = iphoneos;
				SWIFT_OPTIMIZATION_LEVEL = "-Onone";
			};
			name = Debug;
		};
		8354E04A1BD3CB5E003593B8 /* Release */ = {
			isa = XCBuildConfiguration;
			buildSettings = {
				ALWAYS_SEARCH_USER_PATHS = NO;
				CLANG_ANALYZER_LOCALIZABILITY_NONLOCALIZED = YES;
				CLANG_CXX_LANGUAGE_STANDARD = "gnu++0x";
				CLANG_CXX_LIBRARY = "libc++";
				CLANG_ENABLE_MODULES = YES;
				CLANG_ENABLE_OBJC_ARC = YES;
				CLANG_WARN_BLOCK_CAPTURE_AUTORELEASING = YES;
				CLANG_WARN_BOOL_CONVERSION = YES;
				CLANG_WARN_COMMA = YES;
				CLANG_WARN_CONSTANT_CONVERSION = YES;
				CLANG_WARN_DEPRECATED_OBJC_IMPLEMENTATIONS = YES;
				CLANG_WARN_DIRECT_OBJC_ISA_USAGE = YES_ERROR;
				CLANG_WARN_EMPTY_BODY = YES;
				CLANG_WARN_ENUM_CONVERSION = YES;
				CLANG_WARN_INFINITE_RECURSION = YES;
				CLANG_WARN_INT_CONVERSION = YES;
				CLANG_WARN_NON_LITERAL_NULL_CONVERSION = YES;
				CLANG_WARN_OBJC_IMPLICIT_RETAIN_SELF = YES;
				CLANG_WARN_OBJC_LITERAL_CONVERSION = YES;
				CLANG_WARN_OBJC_ROOT_CLASS = YES_ERROR;
				CLANG_WARN_QUOTED_INCLUDE_IN_FRAMEWORK_HEADER = YES;
				CLANG_WARN_RANGE_LOOP_ANALYSIS = YES;
				CLANG_WARN_STRICT_PROTOTYPES = YES;
				CLANG_WARN_SUSPICIOUS_MOVE = YES;
				CLANG_WARN_UNREACHABLE_CODE = YES;
				CLANG_WARN__DUPLICATE_METHOD_MATCH = YES;
				"CODE_SIGN_IDENTITY[sdk=iphoneos*]" = "iPhone Developer";
				COPY_PHASE_STRIP = NO;
				DEBUG_INFORMATION_FORMAT = "dwarf-with-dsym";
				ENABLE_BITCODE = NO;
				ENABLE_NS_ASSERTIONS = NO;
				ENABLE_STRICT_OBJC_MSGSEND = YES;
				GCC_C_LANGUAGE_STANDARD = gnu99;
				GCC_NO_COMMON_BLOCKS = YES;
				GCC_WARN_64_TO_32_BIT_CONVERSION = YES;
				GCC_WARN_ABOUT_RETURN_TYPE = YES_ERROR;
				GCC_WARN_UNDECLARED_SELECTOR = YES;
				GCC_WARN_UNINITIALIZED_AUTOS = YES_AGGRESSIVE;
				GCC_WARN_UNUSED_FUNCTION = YES;
				GCC_WARN_UNUSED_VARIABLE = YES;
				IPHONEOS_DEPLOYMENT_TARGET = 12.1;
				MTL_ENABLE_DEBUG_INFO = NO;
				SDKROOT = iphoneos;
				SWIFT_OPTIMIZATION_LEVEL = "-Owholemodule";
				VALIDATE_PRODUCT = YES;
			};
			name = Release;
		};
		8354E04C1BD3CB5E003593B8 /* Debug */ = {
			isa = XCBuildConfiguration;
			baseConfigurationReference = 269EB0ECE30FD88202DE3102 /* Pods-Travelbirdie.debug.xcconfig */;
			buildSettings = {
				ALWAYS_EMBED_SWIFT_STANDARD_LIBRARIES = YES;
				ASSETCATALOG_COMPILER_APPICON_NAME = AppIcon;
				CODE_SIGN_IDENTITY = "iPhone Developer";
				"CODE_SIGN_IDENTITY[sdk=iphoneos*]" = "iPhone Developer";
				INFOPLIST_FILE = Travelbirdie/Info.plist;
				LD_RUNPATH_SEARCH_PATHS = "$(inherited) @executable_path/Frameworks";
				PRODUCT_BUNDLE_IDENTIFIER = hr.2plus2.Travelbirdie;
				PRODUCT_NAME = "$(TARGET_NAME)";
				PROVISIONING_PROFILE = "";
				SWIFT_SWIFT3_OBJC_INFERENCE = Default;
				SWIFT_VERSION = 5.0;
			};
			name = Debug;
		};
		8354E04D1BD3CB5E003593B8 /* Release */ = {
			isa = XCBuildConfiguration;
			baseConfigurationReference = 5855EEB13705571764A6D995 /* Pods-Travelbirdie.release.xcconfig */;
			buildSettings = {
				ALWAYS_EMBED_SWIFT_STANDARD_LIBRARIES = YES;
				ASSETCATALOG_COMPILER_APPICON_NAME = AppIcon;
				CODE_SIGN_IDENTITY = "iPhone Developer";
				"CODE_SIGN_IDENTITY[sdk=iphoneos*]" = "iPhone Developer";
				INFOPLIST_FILE = Travelbirdie/Info.plist;
				LD_RUNPATH_SEARCH_PATHS = "$(inherited) @executable_path/Frameworks";
				PRODUCT_BUNDLE_IDENTIFIER = hr.2plus2.Travelbirdie;
				PRODUCT_NAME = "$(TARGET_NAME)";
				PROVISIONING_PROFILE = "";
				SWIFT_SWIFT3_OBJC_INFERENCE = Default;
				SWIFT_VERSION = 5.0;
			};
			name = Release;
		};
		8354E04F1BD3CB5E003593B8 /* Debug */ = {
			isa = XCBuildConfiguration;
			buildSettings = {
				BUNDLE_LOADER = "$(TEST_HOST)";
				INFOPLIST_FILE = TravelbirdieTests/Info.plist;
				LD_RUNPATH_SEARCH_PATHS = "$(inherited) @executable_path/Frameworks @loader_path/Frameworks";
				PRODUCT_BUNDLE_IDENTIFIER = hr.2plus2.TravelbirdieTests;
				PRODUCT_NAME = "$(TARGET_NAME)";
				SWIFT_SWIFT3_OBJC_INFERENCE = Default;
				SWIFT_VERSION = 5.0;
				TEST_HOST = "$(BUILT_PRODUCTS_DIR)/Travelbirdie.app/Travelbirdie";
			};
			name = Debug;
		};
		8354E0501BD3CB5E003593B8 /* Release */ = {
			isa = XCBuildConfiguration;
			buildSettings = {
				BUNDLE_LOADER = "$(TEST_HOST)";
				INFOPLIST_FILE = TravelbirdieTests/Info.plist;
				LD_RUNPATH_SEARCH_PATHS = "$(inherited) @executable_path/Frameworks @loader_path/Frameworks";
				PRODUCT_BUNDLE_IDENTIFIER = hr.2plus2.TravelbirdieTests;
				PRODUCT_NAME = "$(TARGET_NAME)";
				SWIFT_SWIFT3_OBJC_INFERENCE = Default;
				SWIFT_VERSION = 5.0;
				TEST_HOST = "$(BUILT_PRODUCTS_DIR)/Travelbirdie.app/Travelbirdie";
			};
			name = Release;
		};
		8354E0521BD3CB5E003593B8 /* Debug */ = {
			isa = XCBuildConfiguration;
			buildSettings = {
				INFOPLIST_FILE = TravelbirdieUITests/Info.plist;
				LD_RUNPATH_SEARCH_PATHS = "$(inherited) @executable_path/Frameworks @loader_path/Frameworks";
				PRODUCT_BUNDLE_IDENTIFIER = hr.2plus2.TravelbirdieUITests;
				PRODUCT_NAME = "$(TARGET_NAME)";
				SWIFT_SWIFT3_OBJC_INFERENCE = Default;
				SWIFT_VERSION = 5.0;
				TEST_TARGET_NAME = Travelbirdie;
				USES_XCTRUNNER = YES;
			};
			name = Debug;
		};
		8354E0531BD3CB5E003593B8 /* Release */ = {
			isa = XCBuildConfiguration;
			buildSettings = {
				INFOPLIST_FILE = TravelbirdieUITests/Info.plist;
				LD_RUNPATH_SEARCH_PATHS = "$(inherited) @executable_path/Frameworks @loader_path/Frameworks";
				PRODUCT_BUNDLE_IDENTIFIER = hr.2plus2.TravelbirdieUITests;
				PRODUCT_NAME = "$(TARGET_NAME)";
				SWIFT_SWIFT3_OBJC_INFERENCE = Default;
				SWIFT_VERSION = 5.0;
				TEST_TARGET_NAME = Travelbirdie;
				USES_XCTRUNNER = YES;
			};
			name = Release;
		};
/* End XCBuildConfiguration section */

/* Begin XCConfigurationList section */
		8354E01E1BD3CB5D003593B8 /* Build configuration list for PBXProject "Travelbirdie" */ = {
			isa = XCConfigurationList;
			buildConfigurations = (
				8354E0491BD3CB5E003593B8 /* Debug */,
				8354E04A1BD3CB5E003593B8 /* Release */,
			);
			defaultConfigurationIsVisible = 0;
			defaultConfigurationName = Release;
		};
		8354E04B1BD3CB5E003593B8 /* Build configuration list for PBXNativeTarget "Travelbirdie" */ = {
			isa = XCConfigurationList;
			buildConfigurations = (
				8354E04C1BD3CB5E003593B8 /* Debug */,
				8354E04D1BD3CB5E003593B8 /* Release */,
			);
			defaultConfigurationIsVisible = 0;
			defaultConfigurationName = Release;
		};
		8354E04E1BD3CB5E003593B8 /* Build configuration list for PBXNativeTarget "TravelbirdieTests" */ = {
			isa = XCConfigurationList;
			buildConfigurations = (
				8354E04F1BD3CB5E003593B8 /* Debug */,
				8354E0501BD3CB5E003593B8 /* Release */,
			);
			defaultConfigurationIsVisible = 0;
			defaultConfigurationName = Release;
		};
		8354E0511BD3CB5E003593B8 /* Build configuration list for PBXNativeTarget "TravelbirdieUITests" */ = {
			isa = XCConfigurationList;
			buildConfigurations = (
				8354E0521BD3CB5E003593B8 /* Debug */,
				8354E0531BD3CB5E003593B8 /* Release */,
			);
			defaultConfigurationIsVisible = 0;
			defaultConfigurationName = Release;
		};
/* End XCConfigurationList section */

/* Begin XCVersionGroup section */
		83CA92B31C7ECBB7003698B6 /* Model.xcdatamodeld */ = {
			isa = XCVersionGroup;
			children = (
				83CA92B41C7ECBB7003698B6 /* Model.xcdatamodel */,
			);
			currentVersion = 83CA92B41C7ECBB7003698B6 /* Model.xcdatamodel */;
			path = Model.xcdatamodeld;
			sourceTree = "<group>";
			versionGroupType = wrapper.xcdatamodel;
		};
/* End XCVersionGroup section */
	};
	rootObject = 8354E01B1BD3CB5D003593B8 /* Project object */;
}
